
Microsoft Visual Studio Solution File, Format Version 12.00
# Visual Studio Version 18
VisualStudioVersion = 18.9.12023.133 insiders
MinimumVisualStudioVersion = 10.0.40219.1
Project("{2150E333-8FDC-42A3-9474-1A3956D46DE8}") = "src", "src", "{827E0CD3-B72D-47B6-A68D-7590B98EB39B}"
EndProject
Project("{FAE04EC0-301F-11D3-BF4B-00C04F79EFBC}") = "Trading.Monitor.Domain", "src\Trading.Monitor.Domain\Trading.Monitor.Domain.csproj", "{794433F1-4491-4E5A-B872-59ABCD3343E0}"
EndProject
Project("{FAE04EC0-301F-11D3-BF4B-00C04F79EFBC}") = "Trading.Monitor.Application", "src\Trading.Monitor.Application\Trading.Monitor.Application.csproj", "{C8FC4F72-65E7-4ED6-9B42-8CAF260550A0}"
EndProject
Project("{FAE04EC0-301F-11D3-BF4B-00C04F79EFBC}") = "Trading.Monitor.Infrastructure", "src\Trading.Monitor.Infrastructure\Trading.Monitor.Infrastructure.csproj", "{49D2438F-FEB8-49D3-81FB-8E1FF9F1734C}"
EndProject
Project("{FAE04EC0-301F-11D3-BF4B-00C04F79EFBC}") = "Trading.Monitor.Worker", "src\Trading.Monitor.Worker\Trading.Monitor.Worker.csproj", "{D59E10BD-5D55-4990-958D-82B407D296A1}"
EndProject
Project("{FAE04EC0-301F-11D3-BF4B-00C04F79EFBC}") = "Trading.Monitor.Tests", "tests\Trading.Monitor.Tests\Trading.Monitor.Tests.csproj", "{4899F062-CAD0-457B-84F3-0CE66F8CC5C9}"
EndProject
Project("{FAE04EC0-301F-11D3-BF4B-00C04F79EFBC}") = "Trading.Monitor.Web", "src\Trading.Monitor.Web\Trading.Monitor.Web.csproj", "{66A9F8C9-D990-4BD0-978E-7C223BC07EB7}"
EndProject
Project("{2150E333-8FDC-42A3-9474-1A3956D46DE8}") = "tests", "tests", "{AA2EC8ED-E526-4D98-B857-AE4D9A3CF0DC}"
EndProject
Global
	GlobalSection(SolutionConfigurationPlatforms) = preSolution
		Debug|Any CPU = Debug|Any CPU
		Debug|x64 = Debug|x64
		Debug|x86 = Debug|x86
		Release|Any CPU = Release|Any CPU
		Release|x64 = Release|x64
		Release|x86 = Release|x86
	EndGlobalSection
	GlobalSection(ProjectConfigurationPlatforms) = postSolution
		{794433F1-4491-4E5A-B872-59ABCD3343E0}.Debug|Any CPU.ActiveCfg = Debug|Any CPU
		{794433F1-4491-4E5A-B872-59ABCD3343E0}.Debug|Any CPU.Build.0 = Debug|Any CPU
		{794433F1-4491-4E5A-B872-59ABCD3343E0}.Debug|x64.ActiveCfg = Debug|Any CPU
		{794433F1-4491-4E5A-B872-59ABCD3343E0}.Debug|x64.Build.0 = Debug|Any CPU
		{794433F1-4491-4E5A-B872-59ABCD3343E0}.Debug|x86.ActiveCfg = Debug|Any CPU
		{794433F1-4491-4E5A-B872-59ABCD3343E0}.Debug|x86.Build.0 = Debug|Any CPU
		{794433F1-4491-4E5A-B872-59ABCD3343E0}.Release|Any CPU.ActiveCfg = Release|Any CPU
		{794433F1-4491-4E5A-B872-59ABCD3343E0}.Release|Any CPU.Build.0 = Release|Any CPU
		{794433F1-4491-4E5A-B872-59ABCD3343E0}.Release|x64.ActiveCfg = Release|Any CPU
		{794433F1-4491-4E5A-B872-59ABCD3343E0}.Release|x64.Build.0 = Release|Any CPU
		{794433F1-4491-4E5A-B872-59ABCD3343E0}.Release|x86.ActiveCfg = Release|Any CPU
		{794433F1-4491-4E5A-B872-59ABCD3343E0}.Release|x86.Build.0 = Release|Any CPU
		{C8FC4F72-65E7-4ED6-9B42-8CAF260550A0}.Debug|Any CPU.ActiveCfg = Debug|Any CPU
		{C8FC4F72-65E7-4ED6-9B42-8CAF260550A0}.Debug|Any CPU.Build.0 = Debug|Any CPU
		{C8FC4F72-65E7-4ED6-9B42-8CAF260550A0}.Debug|x64.ActiveCfg = Debug|Any CPU
		{C8FC4F72-65E7-4ED6-9B42-8CAF260550A0}.Debug|x64.Build.0 = Debug|Any CPU
		{C8FC4F72-65E7-4ED6-9B42-8CAF260550A0}.Debug|x86.ActiveCfg = Debug|Any CPU
		{C8FC4F72-65E7-4ED6-9B42-8CAF260550A0}.Debug|x86.Build.0 = Debug|Any CPU
		{C8FC4F72-65E7-4ED6-9B42-8CAF260550A0}.Release|Any CPU.ActiveCfg = Release|Any CPU
		{C8FC4F72-65E7-4ED6-9B42-8CAF260550A0}.Release|Any CPU.Build.0 = Release|Any CPU
		{C8FC4F72-65E7-4ED6-9B42-8CAF260550A0}.Release|x64.ActiveCfg = Release|Any CPU
		{C8FC4F72-65E7-4ED6-9B42-8CAF260550A0}.Release|x64.Build.0 = Release|Any CPU
		{C8FC4F72-65E7-4ED6-9B42-8CAF260550A0}.Release|x86.ActiveCfg = Release|Any CPU
		{C8FC4F72-65E7-4ED6-9B42-8CAF260550A0}.Release|x86.Build.0 = Release|Any CPU
		{49D2438F-FEB8-49D3-81FB-8E1FF9F1734C}.Debug|Any CPU.ActiveCfg = Debug|Any CPU
		{49D2438F-FEB8-49D3-81FB-8E1FF9F1734C}.Debug|Any CPU.Build.0 = Debug|Any CPU
		{49D2438F-FEB8-49D3-81FB-8E1FF9F1734C}.Debug|x64.ActiveCfg = Debug|Any CPU
		{49D2438F-FEB8-49D3-81FB-8E1FF9F1734C}.Debug|x64.Build.0 = Debug|Any CPU
		{49D2438F-FEB8-49D3-81FB-8E1FF9F1734C}.Debug|x86.ActiveCfg = Debug|Any CPU
		{49D2438F-FEB8-49D3-81FB-8E1FF9F1734C}.Debug|x86.Build.0 = Debug|Any CPU
		{49D2438F-FEB8-49D3-81FB-8E1FF9F1734C}.Release|Any CPU.ActiveCfg = Release|Any CPU
		{49D2438F-FEB8-49D3-81FB-8E1FF9F1734C}.Release|Any CPU.Build.0 = Release|Any CPU
		{49D2438F-FEB8-49D3-81FB-8E1FF9F1734C}.Release|x64.ActiveCfg = Release|Any CPU
		{49D2438F-FEB8-49D3-81FB-8E1FF9F1734C}.Release|x64.Build.0 = Release|Any CPU
		{49D2438F-FEB8-49D3-81FB-8E1FF9F1734C}.Release|x86.ActiveCfg = Release|Any CPU
		{49D2438F-FEB8-49D3-81FB-8E1FF9F1734C}.Release|x86.Build.0 = Release|Any CPU
		{D59E10BD-5D55-4990-958D-82B407D296A1}.Debug|Any CPU.ActiveCfg = Debug|Any CPU
		{D59E10BD-5D55-4990-958D-82B407D296A1}.Debug|Any CPU.Build.0 = Debug|Any CPU
		{D59E10BD-5D55-4990-958D-82B407D296A1}.Debug|x64.ActiveCfg = Debug|Any CPU
		{D59E10BD-5D55-4990-958D-82B407D296A1}.Debug|x64.Build.0 = Debug|Any CPU
		{D59E10BD-5D55-4990-958D-82B407D296A1}.Debug|x86.ActiveCfg = Debug|Any CPU
		{D59E10BD-5D55-4990-958D-82B407D296A1}.Debug|x86.Build.0 = Debug|Any CPU
		{D59E10BD-5D55-4990-958D-82B407D296A1}.Release|Any CPU.ActiveCfg = Release|Any CPU
		{D59E10BD-5D55-4990-958D-82B407D296A1}.Release|Any CPU.Build.0 = Release|Any CPU
		{D59E10BD-5D55-4990-958D-82B407D296A1}.Release|x64.ActiveCfg = Release|Any CPU
		{D59E10BD-5D55-4990-958D-82B407D296A1}.Release|x64.Build.0 = Release|Any CPU
		{D59E10BD-5D55-4990-958D-82B407D296A1}.Release|x86.ActiveCfg = Release|Any CPU
		{D59E10BD-5D55-4990-958D-82B407D296A1}.Release|x86.Build.0 = Release|Any CPU
		{4899F062-CAD0-457B-84F3-0CE66F8CC5C9}.Debug|Any CPU.ActiveCfg = Debug|Any CPU
		{4899F062-CAD0-457B-84F3-0CE66F8CC5C9}.Debug|Any CPU.Build.0 = Debug|Any CPU
		{4899F062-CAD0-457B-84F3-0CE66F8CC5C9}.Debug|x64.ActiveCfg = Debug|Any CPU
		{4899F062-CAD0-457B-84F3-0CE66F8CC5C9}.Debug|x64.Build.0 = Debug|Any CPU
		{4899F062-CAD0-457B-84F3-0CE66F8CC5C9}.Debug|x86.ActiveCfg = Debug|Any CPU
		{4899F062-CAD0-457B-84F3-0CE66F8CC5C9}.Debug|x86.Build.0 = Debug|Any CPU
		{4899F062-CAD0-457B-84F3-0CE66F8CC5C9}.Release|Any CPU.ActiveCfg = Release|Any CPU
		{4899F062-CAD0-457B-84F3-0CE66F8CC5C9}.Release|Any CPU.Build.0 = Release|Any CPU
		{4899F062-CAD0-457B-84F3-0CE66F8CC5C9}.Release|x64.ActiveCfg = Release|Any CPU
		{4899F062-CAD0-457B-84F3-0CE66F8CC5C9}.Release|x64.Build.0 = Release|Any CPU
		{4899F062-CAD0-457B-84F3-0CE66F8CC5C9}.Release|x86.ActiveCfg = Release|Any CPU
		{4899F062-CAD0-457B-84F3-0CE66F8CC5C9}.Release|x86.Build.0 = Release|Any CPU
		{66A9F8C9-D990-4BD0-978E-7C223BC07EB7}.Debug|Any CPU.ActiveCfg = Debug|Any CPU
		{66A9F8C9-D990-4BD0-978E-7C223BC07EB7}.Debug|Any CPU.Build.0 = Debug|Any CPU
		{66A9F8C9-D990-4BD0-978E-7C223BC07EB7}.Debug|x64.ActiveCfg = Debug|Any CPU
		{66A9F8C9-D990-4BD0-978E-7C223BC07EB7}.Debug|x64.Build.0 = Debug|Any CPU
		{66A9F8C9-D990-4BD0-978E-7C223BC07EB7}.Debug|x86.ActiveCfg = Debug|Any CPU
		{66A9F8C9-D990-4BD0-978E-7C223BC07EB7}.Debug|x86.Build.0 = Debug|Any CPU
		{66A9F8C9-D990-4BD0-978E-7C223BC07EB7}.Release|Any CPU.ActiveCfg = Release|Any CPU
		{66A9F8C9-D990-4BD0-978E-7C223BC07EB7}.Release|Any CPU.Build.0 = Release|Any CPU
		{66A9F8C9-D990-4BD0-978E-7C223BC07EB7}.Release|x64.ActiveCfg = Release|Any CPU
		{66A9F8C9-D990-4BD0-978E-7C223BC07EB7}.Release|x64.Build.0 = Release|Any CPU
		{66A9F8C9-D990-4BD0-978E-7C223BC07EB7}.Release|x86.ActiveCfg = Release|Any CPU
		{66A9F8C9-D990-4BD0-978E-7C223BC07EB7}.Release|x86.Build.0 = Release|Any CPU
	EndGlobalSection
	GlobalSection(SolutionProperties) = preSolution
		HideSolutionNode = FALSE
	EndGlobalSection
	GlobalSection(NestedProjects) = preSolution
		{794433F1-4491-4E5A-B872-59ABCD3343E0} = {827E0CD3-B72D-47B6-A68D-7590B98EB39B}
		{C8FC4F72-65E7-4ED6-9B42-8CAF260550A0} = {827E0CD3-B72D-47B6-A68D-7590B98EB39B}
		{49D2438F-FEB8-49D3-81FB-8E1FF9F1734C} = {827E0CD3-B72D-47B6-A68D-7590B98EB39B}
		{D59E10BD-5D55-4990-958D-82B407D296A1} = {827E0CD3-B72D-47B6-A68D-7590B98EB39B}
		{4899F062-CAD0-457B-84F3-0CE66F8CC5C9} = {AA2EC8ED-E526-4D98-B857-AE4D9A3CF0DC}
		{66A9F8C9-D990-4BD0-978E-7C223BC07EB7} = {827E0CD3-B72D-47B6-A68D-7590B98EB39B}
	EndGlobalSection
	GlobalSection(ExtensibilityGlobals) = postSolution
		SolutionGuid = {4EAFF509-28BE-4A49-A46F-3CAB1196E140}
	EndGlobalSection
EndGlobal
